
Microsoft Visual Studio Solution File, Format Version 12.00
# Visual Studio Version 17
VisualStudioVersion = 17.4.33213.308
MinimumVisualStudioVersion = 10.0.40219.1
Project("{FAE04EC0-301F-11D3-BF4B-00C04F79EFBC}") = "ToDoListApp", "ToDoListApp\ToDoListApp.csproj", "{37731B57-3360-4B1B-911F-F5EFDB03A504}"
EndProject
Global
	GlobalSection(SolutionConfigurationPlatforms) = preSolution
		Debug|Any CPU = Debug|Any CPU
		Release|Any CPU = Release|Any CPU
	EndGlobalSection
	GlobalSection(ProjectConfigurationPlatforms) = postSolution
		{37731B57-3360-4B1B-911F-F5EFDB03A504}.Debug|Any CPU.ActiveCfg = Debug|Any CPU
		{37731B57-3360-4B1B-911F-F5EFDB03A504}.Debug|Any CPU.Build.0 = Debug|Any CPU
		{37731B57-3360-4B1B-911F-F5EFDB03A504}.Release|Any CPU.ActiveCfg = Release|Any CPU
		{37731B57-3360-4B1B-911F-F5EFDB03A504}.Release|Any CPU.Build.0 = Release|Any CPU
	EndGlobalSection
	GlobalSection(SolutionProperties) = preSolution
		HideSolutionNode = FALSE
	EndGlobalSection
	GlobalSection(ExtensibilityGlobals) = postSolution
		SolutionGuid = {00275D27-E0C5-480E-9519-41F550D2CAEB}
	EndGlobalSection
EndGlobal
